<?xml version="1.0" encoding="utf-8"?>
<Project ToolsVersion="4.0" xmlns="http://schemas.microsoft.com/developer/msbuild/2003">
  <ItemGroup>
    <Filter Include="Source Files">
      <UniqueIdentifier>{4FC737F1-C7A5-4376-A066-2A32D752A2FF}</UniqueIdentifier>
      <Extensions>cpp;c;cc;cxx;c++;cppm;ixx;def;odl;idl;hpj;bat;asm;asmx</Extensions>
    </Filter>
    <Filter Include="Header Files">
      <UniqueIdentifier>{93995380-89BD-4b04-88EB-625FBE52EBFB}</UniqueIdentifier>
      <Extensions>h;hh;hpp;hxx;h++;hm;inl;inc;ipp;xsd</Extensions>
    </Filter>
    <Filter Include="Resource Files">
      <UniqueIdentifier>{67DA6AB6-F800-4c08-8B7A-83BB121AAD01}</UniqueIdentifier>
      <Extensions>rc;ico;cur;bmp;dlg;rc2;rct;bin;rgs;gif;jpg;jpeg;jpe;resx;tiff;tif;png;wav;mfcribbon-ms</Extensions>
    </Filter>
    <Filter Include="Objects">
      <UniqueIdentifier>{8aaf4ded-1d89-4288-bb0b-f55c4ecbf4ef}</UniqueIdentifier>
    </Filter>
    <Filter Include="Objects\Header">
      <UniqueIdentifier>{a392d790-af87-426b-9cc7-6ace867fe5ec}</UniqueIdentifier>
    </Filter>
    <Filter Include="Objects\Source">
      <UniqueIdentifier>{3b9f360b-6325-48e2-95d7-8b56f53803b6}</UniqueIdentifier>
    </Filter>
    <Filter Include="Components">
      <UniqueIdentifier>{c9f093de-e458-4a36-abd9-968d8669da8f}</UniqueIdentifier>
    </Filter>
    <Filter Include="Components\Header">
      <UniqueIdentifier>{7da6793b-ec0f-4b2c-ab77-dde7b69e7852}</UniqueIdentifier>
    </Filter>
    <Filter Include="Components\Source">
      <UniqueIdentifier>{466d5a9e-8dd8-4120-9371-de743b9f290b}</UniqueIdentifier>
    </Filter>
  </ItemGroup>
  <ItemGroup>
    <ClCompile Include="Main.cpp">
      <Filter>Source Files</Filter>
    </ClCompile>
    <ClCompile Include="Input.cpp">
      <Filter>Source Files</Filter>
    </ClCompile>
    <ClCompile Include="Timer.cpp">
      <Filter>Source Files</Filter>
    </ClCompile>
    <ClCompile Include="Graphics.cpp">
      <Filter>Source Files</Filter>
    </ClCompile>
    <ClCompile Include="Renderer.cpp">
      <Filter>Source Files</Filter>
    </ClCompile>
    <ClCompile Include="Scene.cpp">
      <Filter>Source Files</Filter>
    </ClCompile>
    <ClCompile Include="Ball.cpp">
      <Filter>Objects\Source</Filter>
    </ClCompile>
    <ClCompile Include="WorldObject.cpp">
      <Filter>Objects\Source</Filter>
    </ClCompile>
    <ClCompile Include="Character.cpp">
      <Filter>Objects\Source</Filter>
    </ClCompile>
    <ClCompile Include="Box.cpp">
      <Filter>Objects\Source</Filter>
    </ClCompile>
    <ClCompile Include="Camera.cpp">
      <Filter>Components\Source</Filter>
    </ClCompile>
    <ClCompile Include="Collider.cpp">
      <Filter>Components\Source</Filter>
    </ClCompile>
    <ClCompile Include="Sprite.cpp">
      <Filter>Components\Source</Filter>
    </ClCompile>
    <ClCompile Include="Prefabs.cpp">
      <Filter>Source Files</Filter>
    </ClCompile>
    <ClCompile Include="Player.cpp">
      <Filter>Objects\Source</Filter>
    </ClCompile>
    <ClCompile Include="ImageData.cpp">
      <Filter>Source Files</Filter>
    </ClCompile>
    <ClCompile Include="NPC.cpp">
      <Filter>Objects\Source</Filter>
    </ClCompile>
    <ClCompile Include="ScreenObject.cpp">
      <Filter>Objects\Source</Filter>
    </ClCompile>
  </ItemGroup>
  <ItemGroup>
    <ClInclude Include="Input.h">
      <Filter>Header Files</Filter>
    </ClInclude>
    <ClInclude Include="Timer.h">
      <Filter>Header Files</Filter>
    </ClInclude>
    <ClInclude Include="Graphics.h">
      <Filter>Header Files</Filter>
    </ClInclude>
    <ClInclude Include="Renderer.h">
      <Filter>Header Files</Filter>
    </ClInclude>
    <ClInclude Include="Textures.h">
      <Filter>Header Files</Filter>
    </ClInclude>
    <ClInclude Include="Scene.h">
      <Filter>Header Files</Filter>
    </ClInclude>
    <ClInclude Include="DataTypes.h">
      <Filter>Header Files</Filter>
    </ClInclude>
    <ClInclude Include="Ball.h">
      <Filter>Objects\Header</Filter>
    </ClInclude>
    <ClInclude Include="WorldObject.h">
      <Filter>Objects\Header</Filter>
    </ClInclude>
    <ClInclude Include="Character.h">
      <Filter>Objects\Header</Filter>
    </ClInclude>
    <ClInclude Include="Box.h">
      <Filter>Objects\Header</Filter>
    </ClInclude>
    <ClInclude Include="Camera.h">
      <Filter>Components\Header</Filter>
    </ClInclude>
    <ClInclude Include="Collider.h">
      <Filter>Components\Header</Filter>
    </ClInclude>
    <ClInclude Include="Sprite.h">
      <Filter>Components\Header</Filter>
    </ClInclude>
    <ClInclude Include="Prefabs.h">
      <Filter>Header Files</Filter>
    </ClInclude>
    <ClInclude Include="PrefabTags.h">
      <Filter>Header Files</Filter>
    </ClInclude>
    <ClInclude Include="Player.h">
      <Filter>Objects\Header</Filter>
    </ClInclude>
    <ClInclude Include="ImageData.h">
      <Filter>Header Files</Filter>
    </ClInclude>
    <ClInclude Include="NPC.h">
      <Filter>Objects\Header</Filter>
    </ClInclude>
    <ClInclude Include="ScreenObject.h">
      <Filter>Objects\Header</Filter>
    </ClInclude>
  </ItemGroup>
</Project>